// !$*UTF8*$!
{
	archiveVersion = 1;
	classes = {
	};
	objectVersion = 56;
	objects = {

/* Begin PBXBuildFile section */
		4AB629172AE7207400A80805 /* AppDelegate.swift in Sources */ = {isa = PBXBuildFile; fileRef = 4AB629162AE7207400A80805 /* AppDelegate.swift */; };
		4AB629192AE7207400A80805 /* SceneDelegate.swift in Sources */ = {isa = PBXBuildFile; fileRef = 4AB629182AE7207400A80805 /* SceneDelegate.swift */; };
		4AB6291B2AE7207400A80805 /* ViewController.swift in Sources */ = {isa = PBXBuildFile; fileRef = 4AB6291A2AE7207400A80805 /* ViewController.swift */; };
		4AB6291E2AE7207400A80805 /* Main.storyboard in Resources */ = {isa = PBXBuildFile; fileRef = 4AB6291C2AE7207400A80805 /* Main.storyboard */; };
		4AB629202AE7207500A80805 /* Assets.xcassets in Resources */ = {isa = PBXBuildFile; fileRef = 4AB6291F2AE7207500A80805 /* Assets.xcassets */; };
		4AB629232AE7207500A80805 /* LaunchScreen.storyboard in Resources */ = {isa = PBXBuildFile; fileRef = 4AB629212AE7207500A80805 /* LaunchScreen.storyboard */; };
		4AB6292B2AE7378E00A80805 /* AlertManager.swift in Sources */ = {isa = PBXBuildFile; fileRef = 4AB6292A2AE7378E00A80805 /* AlertManager.swift */; };
		4AB6292D2AE7412400A80805 /* Model.swift in Sources */ = {isa = PBXBuildFile; fileRef = 4AB6292C2AE7412400A80805 /* Model.swift */; };
		4AB6292F2AE743AF00A80805 /* ChartViewController.swift in Sources */ = {isa = PBXBuildFile; fileRef = 4AB6292E2AE743AF00A80805 /* ChartViewController.swift */; };
		DF5EC6048A283E9910725420 /* Pods_lab_02.framework in Frameworks */ = {isa = PBXBuildFile; fileRef = 30493C35407FAFF96593EF2C /* Pods_lab_02.framework */; };
/* End PBXBuildFile section */

/* Begin PBXFileReference section */
		30493C35407FAFF96593EF2C /* Pods_lab_02.framework */ = {isa = PBXFileReference; explicitFileType = wrapper.framework; includeInIndex = 0; path = Pods_lab_02.framework; sourceTree = BUILT_PRODUCTS_DIR; };
		4AB629132AE7207400A80805 /* lab_02.app */ = {isa = PBXFileReference; explicitFileType = wrapper.application; includeInIndex = 0; path = lab_02.app; sourceTree = BUILT_PRODUCTS_DIR; };
		4AB629162AE7207400A80805 /* AppDelegate.swift */ = {isa = PBXFileReference; lastKnownFileType = sourcecode.swift; path = AppDelegate.swift; sourceTree = "<group>"; };
		4AB629182AE7207400A80805 /* SceneDelegate.swift */ = {isa = PBXFileReference; lastKnownFileType = sourcecode.swift; path = SceneDelegate.swift; sourceTree = "<group>"; };
		4AB6291A2AE7207400A80805 /* ViewController.swift */ = {isa = PBXFileReference; lastKnownFileType = sourcecode.swift; path = ViewController.swift; sourceTree = "<group>"; };
		4AB6291D2AE7207400A80805 /* Base */ = {isa = PBXFileReference; lastKnownFileType = file.storyboard; name = Base; path = Base.lproj/Main.storyboard; sourceTree = "<group>"; };
		4AB6291F2AE7207500A80805 /* Assets.xcassets */ = {isa = PBXFileReference; lastKnownFileType = folder.assetcatalog; path = Assets.xcassets; sourceTree = "<group>"; };
		4AB629222AE7207500A80805 /* Base */ = {isa = PBXFileReference; lastKnownFileType = file.storyboard; name = Base; path = Base.lproj/LaunchScreen.storyboard; sourceTree = "<group>"; };
		4AB629242AE7207500A80805 /* Info.plist */ = {isa = PBXFileReference; lastKnownFileType = text.plist.xml; path = Info.plist; sourceTree = "<group>"; };
		4AB6292A2AE7378E00A80805 /* AlertManager.swift */ = {isa = PBXFileReference; lastKnownFileType = sourcecode.swift; path = AlertManager.swift; sourceTree = "<group>"; };
		4AB6292C2AE7412400A80805 /* Model.swift */ = {isa = PBXFileReference; lastKnownFileType = sourcecode.swift; path = Model.swift; sourceTree = "<group>"; };
		4AB6292E2AE743AF00A80805 /* ChartViewController.swift */ = {isa = PBXFileReference; lastKnownFileType = sourcecode.swift; path = ChartViewController.swift; sourceTree = "<group>"; };
		7E0BBB58D8C636597A835128 /* Pods-lab_02.release.xcconfig */ = {isa = PBXFileReference; includeInIndex = 1; lastKnownFileType = text.xcconfig; name = "Pods-lab_02.release.xcconfig"; path = "Target Support Files/Pods-lab_02/Pods-lab_02.release.xcconfig"; sourceTree = "<group>"; };
		A35C3A3CE51F38337B38536F /* Pods-lab_02.debug.xcconfig */ = {isa = PBXFileReference; includeInIndex = 1; lastKnownFileType = text.xcconfig; name = "Pods-lab_02.debug.xcconfig"; path = "Target Support Files/Pods-lab_02/Pods-lab_02.debug.xcconfig"; sourceTree = "<group>"; };
/* End PBXFileReference section */

/* Begin PBXFrameworksBuildPhase section */
		4AB629102AE7207400A80805 /* Frameworks */ = {
			isa = PBXFrameworksBuildPhase;
			buildActionMask = 2147483647;
			files = (
				DF5EC6048A283E9910725420 /* Pods_lab_02.framework in Frameworks */,
			);
			runOnlyForDeploymentPostprocessing = 0;
		};
/* End PBXFrameworksBuildPhase section */

/* Begin PBXGroup section */
		4AB6290A2AE7207400A80805 = {
			isa = PBXGroup;
			children = (
				4AB629152AE7207400A80805 /* lab_02 */,
				4AB629142AE7207400A80805 /* Products */,
				94E7ECB229D3369674C3F0D9 /* Pods */,
				5DE2A2A7EDFE4D64D50E0F33 /* Frameworks */,
			);
			sourceTree = "<group>";
		};
		4AB629142AE7207400A80805 /* Products */ = {
			isa = PBXGroup;
			children = (
				4AB629132AE7207400A80805 /* lab_02.app */,
			);
			name = Products;
			sourceTree = "<group>";
		};
		4AB629152AE7207400A80805 /* lab_02 */ = {
			isa = PBXGroup;
			children = (
				4AB629162AE7207400A80805 /* AppDelegate.swift */,
				4AB629182AE7207400A80805 /* SceneDelegate.swift */,
				4AB6291A2AE7207400A80805 /* ViewController.swift */,
				4AB6292E2AE743AF00A80805 /* ChartViewController.swift */,
				4AB6292C2AE7412400A80805 /* Model.swift */,
				4AB6292A2AE7378E00A80805 /* AlertManager.swift */,
				4AB6291C2AE7207400A80805 /* Main.storyboard */,
				4AB6291F2AE7207500A80805 /* Assets.xcassets */,
				4AB629212AE7207500A80805 /* LaunchScreen.storyboard */,
				4AB629242AE7207500A80805 /* Info.plist */,
			);
			path = lab_02;
			sourceTree = "<group>";
		};
		5DE2A2A7EDFE4D64D50E0F33 /* Frameworks */ = {
			isa = PBXGroup;
			children = (
				30493C35407FAFF96593EF2C /* Pods_lab_02.framework */,
			);
			name = Frameworks;
			sourceTree = "<group>";
		};
		94E7ECB229D3369674C3F0D9 /* Pods */ = {
			isa = PBXGroup;
			children = (
				A35C3A3CE51F38337B38536F /* Pods-lab_02.debug.xcconfig */,
				7E0BBB58D8C636597A835128 /* Pods-lab_02.release.xcconfig */,
			);
			path = Pods;
			sourceTree = "<group>";
		};
/* End PBXGroup section */

/* Begin PBXNativeTarget section */
		4AB629122AE7207400A80805 /* lab_02 */ = {
			isa = PBXNativeTarget;
			buildConfigurationList = 4AB629272AE7207500A80805 /* Build configuration list for PBXNativeTarget "lab_02" */;
			buildPhases = (
				313D08A55CBBBDDD6B4A977C /* [CP] Check Pods Manifest.lock */,
				4AB6290F2AE7207400A80805 /* Sources */,
				4AB629102AE7207400A80805 /* Frameworks */,
				4AB629112AE7207400A80805 /* Resources */,
				363FC361FABE8D12DAE46FC8 /* [CP] Embed Pods Frameworks */,
			);
			buildRules = (
			);
			dependencies = (
			);
			name = lab_02;
			productName = lab_02;
			productReference = 4AB629132AE7207400A80805 /* lab_02.app */;
			productType = "com.apple.product-type.application";
		};
/* End PBXNativeTarget section */

/* Begin PBXProject section */
		4AB6290B2AE7207400A80805 /* Project object */ = {
			isa = PBXProject;
			attributes = {
				BuildIndependentTargetsInParallel = 1;
				LastSwiftUpdateCheck = 1430;
				LastUpgradeCheck = 1430;
				TargetAttributes = {
					4AB629122AE7207400A80805 = {
						CreatedOnToolsVersion = 14.3.1;
					};
				};
			};
			buildConfigurationList = 4AB6290E2AE7207400A80805 /* Build configuration list for PBXProject "lab_02" */;
			compatibilityVersion = "Xcode 14.0";
			developmentRegion = en;
			hasScannedForEncodings = 0;
			knownRegions = (
				en,
				Base,
			);
			mainGroup = 4AB6290A2AE7207400A80805;
			productRefGroup = 4AB629142AE7207400A80805 /* Products */;
			projectDirPath = "";
			projectRoot = "";
			targets = (
				4AB629122AE7207400A80805 /* lab_02 */,
			);
		};
/* End PBXProject section */

/* Begin PBXResourcesBuildPhase section */
		4AB629112AE7207400A80805 /* Resources */ = {
			isa = PBXResourcesBuildPhase;
			buildActionMask = 2147483647;
			files = (
				4AB629232AE7207500A80805 /* LaunchScreen.storyboard in Resources */,
				4AB629202AE7207500A80805 /* Assets.xcassets in Resources */,
				4AB6291E2AE7207400A80805 /* Main.storyboard in Resources */,
			);
			runOnlyForDeploymentPostprocessing = 0;
		};
/* End PBXResourcesBuildPhase section */

/* Begin PBXShellScriptBuildPhase section */
		313D08A55CBBBDDD6B4A977C /* [CP] Check Pods Manifest.lock */ = {
			isa = PBXShellScriptBuildPhase;
			buildActionMask = 2147483647;
			files = (
			);
			inputFileListPaths = (
			);
			inputPaths = (
				"${PODS_PODFILE_DIR_PATH}/Podfile.lock",
				"${PODS_ROOT}/Manifest.lock",
			);
			name = "[CP] Check Pods Manifest.lock";
			outputFileListPaths = (
			);
			outputPaths = (
				"$(DERIVED_FILE_DIR)/Pods-lab_02-checkManifestLockResult.txt",
			);
			runOnlyForDeploymentPostprocessing = 0;
			shellPath = /bin/sh;
			shellScript = "diff \"${PODS_PODFILE_DIR_PATH}/Podfile.lock\" \"${PODS_ROOT}/Manifest.lock\" > /dev/null\nif [ $? != 0 ] ; then\n    # print error to STDERR\n    echo \"error: The sandbox is not in sync with the Podfile.lock. Run 'pod install' or update your CocoaPods installation.\" >&2\n    exit 1\nfi\n# This output is used by Xcode 'outputs' to avoid re-running this script phase.\necho \"SUCCESS\" > \"${SCRIPT_OUTPUT_FILE_0}\"\n";
			showEnvVarsInLog = 0;
		};
		363FC361FABE8D12DAE46FC8 /* [CP] Embed Pods Frameworks */ = {
			isa = PBXShellScriptBuildPhase;
			buildActionMask = 2147483647;
			files = (
			);
			inputFileListPaths = (
				"${PODS_ROOT}/Target Support Files/Pods-lab_02/Pods-lab_02-frameworks-${CONFIGURATION}-input-files.xcfilelist",
			);
			name = "[CP] Embed Pods Frameworks";
			outputFileListPaths = (
				"${PODS_ROOT}/Target Support Files/Pods-lab_02/Pods-lab_02-frameworks-${CONFIGURATION}-output-files.xcfilelist",
			);
			runOnlyForDeploymentPostprocessing = 0;
			shellPath = /bin/sh;
			shellScript = "\"${PODS_ROOT}/Target Support Files/Pods-lab_02/Pods-lab_02-frameworks.sh\"\n";
			showEnvVarsInLog = 0;
		};
/* End PBXShellScriptBuildPhase section */

/* Begin PBXSourcesBuildPhase section */
		4AB6290F2AE7207400A80805 /* Sources */ = {
			isa = PBXSourcesBuildPhase;
			buildActionMask = 2147483647;
			files = (
				4AB6292B2AE7378E00A80805 /* AlertManager.swift in Sources */,
				4AB6291B2AE7207400A80805 /* ViewController.swift in Sources */,
				4AB629172AE7207400A80805 /* AppDelegate.swift in Sources */,
				4AB629192AE7207400A80805 /* SceneDelegate.swift in Sources */,
				4AB6292D2AE7412400A80805 /* Model.swift in Sources */,
				4AB6292F2AE743AF00A80805 /* ChartViewController.swift in Sources */,
			);
			runOnlyForDeploymentPostprocessing = 0;
		};
/* End PBXSourcesBuildPhase section */

/* Begin PBXVariantGroup section */
		4AB6291C2AE7207400A80805 /* Main.storyboard */ = {
			isa = PBXVariantGroup;
			children = (
				4AB6291D2AE7207400A80805 /* Base */,
			);
			name = Main.storyboard;
			sourceTree = "<group>";
		};
		4AB629212AE7207500A80805 /* LaunchScreen.storyboard */ = {
			isa = PBXVariantGroup;
			children = (
				4AB629222AE7207500A80805 /* Base */,
			);
			name = LaunchScreen.storyboard;
			sourceTree = "<group>";
		};
/* End PBXVariantGroup section */

/* Begin XCBuildConfiguration section */
		4AB629252AE7207500A80805 /* Debug */ = {
			isa = XCBuildConfiguration;
			buildSettings = {
				ALWAYS_SEARCH_USER_PATHS = NO;
				CLANG_ANALYZER_NONNULL = YES;
				CLANG_ANALYZER_NUMBER_OBJECT_CONVERSION = YES_AGGRESSIVE;
				CLANG_CXX_LANGUAGE_STANDARD = "gnu++20";
				CLANG_ENABLE_MODULES = YES;
				CLANG_ENABLE_OBJC_ARC = YES;
				CLANG_ENABLE_OBJC_WEAK = YES;
				CLANG_WARN_BLOCK_CAPTURE_AUTORELEASING = YES;
				CLANG_WARN_BOOL_CONVERSION = YES;
				CLANG_WARN_COMMA = YES;
				CLANG_WARN_CONSTANT_CONVERSION = YES;
				CLANG_WARN_DEPRECATED_OBJC_IMPLEMENTATIONS = YES;
				CLANG_WARN_DIRECT_OBJC_ISA_USAGE = YES_ERROR;
				CLANG_WARN_DOCUMENTATION_COMMENTS = YES;
				CLANG_WARN_EMPTY_BODY = YES;
				CLANG_WARN_ENUM_CONVERSION = YES;
				CLANG_WARN_INFINITE_RECURSION = YES;
				CLANG_WARN_INT_CONVERSION = YES;
				CLANG_WARN_NON_LITERAL_NULL_CONVERSION = YES;
				CLANG_WARN_OBJC_IMPLICIT_RETAIN_SELF = YES;
				CLANG_WARN_OBJC_LITERAL_CONVERSION = YES;
				CLANG_WARN_OBJC_ROOT_CLASS = YES_ERROR;
				CLANG_WARN_QUOTED_INCLUDE_IN_FRAMEWORK_HEADER = YES;
				CLANG_WARN_RANGE_LOOP_ANALYSIS = YES;
				CLANG_WARN_STRICT_PROTOTYPES = YES;
				CLANG_WARN_SUSPICIOUS_MOVE = YES;
				CLANG_WARN_UNGUARDED_AVAILABILITY = YES_AGGRESSIVE;
				CLANG_WARN_UNREACHABLE_CODE = YES;
				CLANG_WARN__DUPLICATE_METHOD_MATCH = YES;
				COPY_PHASE_STRIP = NO;
				DEBUG_INFORMATION_FORMAT = dwarf;
				ENABLE_STRICT_OBJC_MSGSEND = YES;
				ENABLE_TESTABILITY = YES;
				GCC_C_LANGUAGE_STANDARD = gnu11;
				GCC_DYNAMIC_NO_PIC = NO;
				GCC_NO_COMMON_BLOCKS = YES;
				GCC_OPTIMIZATION_LEVEL = 0;
				GCC_PREPROCESSOR_DEFINITIONS = (
					"DEBUG=1",
					"$(inherited)",
				);
				GCC_WARN_64_TO_32_BIT_CONVERSION = YES;
				GCC_WARN_ABOUT_RETURN_TYPE = YES_ERROR;
				GCC_WARN_UNDECLARED_SELECTOR = YES;
				GCC_WARN_UNINITIALIZED_AUTOS = YES_AGGRESSIVE;
				GCC_WARN_UNUSED_FUNCTION = YES;
				GCC_WARN_UNUSED_VARIABLE = YES;
				IPHONEOS_DEPLOYMENT_TARGET = 16.0;
				MTL_ENABLE_DEBUG_INFO = INCLUDE_SOURCE;
				MTL_FAST_MATH = YES;
				ONLY_ACTIVE_ARCH = YES;
				SDKROOT = iphoneos;
				SWIFT_ACTIVE_COMPILATION_CONDITIONS = DEBUG;
				SWIFT_OPTIMIZATION_LEVEL = "-Onone";
			};
			name = Debug;
		};
		4AB629262AE7207500A80805 /* Release */ = {
			isa = XCBuildConfiguration;
			buildSettings = {
				ALWAYS_SEARCH_USER_PATHS = NO;
				CLANG_ANALYZER_NONNULL = YES;
				CLANG_ANALYZER_NUMBER_OBJECT_CONVERSION = YES_AGGRESSIVE;
				CLANG_CXX_LANGUAGE_STANDARD = "gnu++20";
				CLANG_ENABLE_MODULES = YES;
				CLANG_ENABLE_OBJC_ARC = YES;
				CLANG_ENABLE_OBJC_WEAK = YES;
				CLANG_WARN_BLOCK_CAPTURE_AUTORELEASING = YES;
				CLANG_WARN_BOOL_CONVERSION = YES;
				CLANG_WARN_COMMA = YES;
				CLANG_WARN_CONSTANT_CONVERSION = YES;
				CLANG_WARN_DEPRECATED_OBJC_IMPLEMENTATIONS = YES;
				CLANG_WARN_DIRECT_OBJC_ISA_USAGE = YES_ERROR;
				CLANG_WARN_DOCUMENTATION_COMMENTS = YES;
				CLANG_WARN_EMPTY_BODY = YES;
				CLANG_WARN_ENUM_CONVERSION = YES;
				CLANG_WARN_INFINITE_RECURSION = YES;
				CLANG_WARN_INT_CONVERSION = YES;
				CLANG_WARN_NON_LITERAL_NULL_CONVERSION = YES;
				CLANG_WARN_OBJC_IMPLICIT_RETAIN_SELF = YES;
				CLANG_WARN_OBJC_LITERAL_CONVERSION = YES;
				CLANG_WARN_OBJC_ROOT_CLASS = YES_ERROR;
				CLANG_WARN_QUOTED_INCLUDE_IN_FRAMEWORK_HEADER = YES;
				CLANG_WARN_RANGE_LOOP_ANALYSIS = YES;
				CLANG_WARN_STRICT_PROTOTYPES = YES;
				CLANG_WARN_SUSPICIOUS_MOVE = YES;
				CLANG_WARN_UNGUARDED_AVAILABILITY = YES_AGGRESSIVE;
				CLANG_WARN_UNREACHABLE_CODE = YES;
				CLANG_WARN__DUPLICATE_METHOD_MATCH = YES;
				COPY_PHASE_STRIP = NO;
				DEBUG_INFORMATION_FORMAT = "dwarf-with-dsym";
				ENABLE_NS_ASSERTIONS = NO;
				ENABLE_STRICT_OBJC_MSGSEND = YES;
				GCC_C_LANGUAGE_STANDARD = gnu11;
				GCC_NO_COMMON_BLOCKS = YES;
				GCC_WARN_64_TO_32_BIT_CONVERSION = YES;
				GCC_WARN_ABOUT_RETURN_TYPE = YES_ERROR;
				GCC_WARN_UNDECLARED_SELECTOR = YES;
				GCC_WARN_UNINITIALIZED_AUTOS = YES_AGGRESSIVE;
				GCC_WARN_UNUSED_FUNCTION = YES;
				GCC_WARN_UNUSED_VARIABLE = YES;
				IPHONEOS_DEPLOYMENT_TARGET = 16.0;
				MTL_ENABLE_DEBUG_INFO = NO;
				MTL_FAST_MATH = YES;
				SDKROOT = iphoneos;
				SWIFT_COMPILATION_MODE = wholemodule;
				SWIFT_OPTIMIZATION_LEVEL = "-O";
				VALIDATE_PRODUCT = YES;
			};
			name = Release;
		};
		4AB629282AE7207500A80805 /* Debug */ = {
			isa = XCBuildConfiguration;
			baseConfigurationReference = A35C3A3CE51F38337B38536F /* Pods-lab_02.debug.xcconfig */;
			buildSettings = {
				ASSETCATALOG_COMPILER_APPICON_NAME = AppIcon;
				ASSETCATALOG_COMPILER_GLOBAL_ACCENT_COLOR_NAME = AccentColor;
				CODE_SIGN_STYLE = Automatic;
				CURRENT_PROJECT_VERSION = 1;
				DEVELOPMENT_TEAM = QK9Y4P3VFS;
				GENERATE_INFOPLIST_FILE = YES;
				INFOPLIST_FILE = lab_02/Info.plist;
				INFOPLIST_KEY_UIApplicationSupportsIndirectInputEvents = YES;
				INFOPLIST_KEY_UILaunchStoryboardName = LaunchScreen;
				INFOPLIST_KEY_UIMainStoryboardFile = Main;
				INFOPLIST_KEY_UISupportedInterfaceOrientations = UIInterfaceOrientationPortrait;
				LD_RUNPATH_SEARCH_PATHS = (
					"$(inherited)",
					"@executable_path/Frameworks",
				);
				MARKETING_VERSION = 1.0;
				PRODUCT_BUNDLE_IDENTIFIER = "charts.lab-02";
				PRODUCT_NAME = "$(TARGET_NAME)";
				SWIFT_EMIT_LOC_STRINGS = YES;
				SWIFT_VERSION = 5.0;
				TARGETED_DEVICE_FAMILY = "1,2";
			};
			name = Debug;
		};
		4AB629292AE7207500A80805 /* Release */ = {
			isa = XCBuildConfiguration;
			baseConfigurationReference = 7E0BBB58D8C636597A835128 /* Pods-lab_02.release.xcconfig */;
			buildSettings = {
				ASSETCATALOG_COMPILER_APPICON_NAME = AppIcon;
				ASSETCATALOG_COMPILER_GLOBAL_ACCENT_COLOR_NAME = AccentColor;
				CODE_SIGN_STYLE = Automatic;
				CURRENT_PROJECT_VERSION = 1;
				DEVELOPMENT_TEAM = QK9Y4P3VFS;
				GENERATE_INFOPLIST_FILE = YES;
				INFOPLIST_FILE = lab_02/Info.plist;
				INFOPLIST_KEY_UIApplicationSupportsIndirectInputEvents = YES;
				INFOPLIST_KEY_UILaunchStoryboardName = LaunchScreen;
				INFOPLIST_KEY_UIMainStoryboardFile = Main;
				INFOPLIST_KEY_UISupportedInterfaceOrientations = UIInterfaceOrientationPortrait;
				LD_RUNPATH_SEARCH_PATHS = (
					"$(inherited)",
					"@executable_path/Frameworks",
				);
				MARKETING_VERSION = 1.0;
				PRODUCT_BUNDLE_IDENTIFIER = "charts.lab-02";
				PRODUCT_NAME = "$(TARGET_NAME)";
				SWIFT_EMIT_LOC_STRINGS = YES;
				SWIFT_VERSION = 5.0;
				TARGETED_DEVICE_FAMILY = "1,2";
			};
			name = Release;
		};
/* End XCBuildConfiguration section */

/* Begin XCConfigurationList section */
		4AB6290E2AE7207400A80805 /* Build configuration list for PBXProject "lab_02" */ = {
			isa = XCConfigurationList;
			buildConfigurations = (
				4AB629252AE7207500A80805 /* Debug */,
				4AB629262AE7207500A80805 /* Release */,
			);
			defaultConfigurationIsVisible = 0;
			defaultConfigurationName = Release;
		};
		4AB629272AE7207500A80805 /* Build configuration list for PBXNativeTarget "lab_02" */ = {
			isa = XCConfigurationList;
			buildConfigurations = (
				4AB629282AE7207500A80805 /* Debug */,
				4AB629292AE7207500A80805 /* Release */,
			);
			defaultConfigurationIsVisible = 0;
			defaultConfigurationName = Release;
		};
/* End XCConfigurationList section */
	};
	rootObject = 4AB6290B2AE7207400A80805 /* Project object */;
}
